
Microsoft Visual Studio Solution File, Format Version 12.00
# Visual Studio Version 17
VisualStudioVersion = 17.9.34723.18
MinimumVisualStudioVersion = 10.0.40219.1
Project("{FAE04EC0-301F-11D3-BF4B-00C04F79EFBC}") = "Service", "Service\Service.csproj", "{C9446F80-183C-4FB4-92EE-3D0C524CBA05}"
EndProject
Project("{9A19103F-16F7-4668-BE54-9A1E7A4F7556}") = "Contracts", "..\Contracts\Contracts.csproj", "{BE0521CC-FC86-4B13-B648-222127E689F9}"
EndProject
Project("{9A19103F-16F7-4668-BE54-9A1E7A4F7556}") = "Service.Contracts", "..\Service.Contracts\Service.Contracts\Service.Contracts.csproj", "{72A8129B-FAE4-4FF1-915C-7337C5BABDB6}"
EndProject
Global
	GlobalSection(SolutionConfigurationPlatforms) = preSolution
		Debug|Any CPU = Debug|Any CPU
		Release|Any CPU = Release|Any CPU
	EndGlobalSection
	GlobalSection(ProjectConfigurationPlatforms) = postSolution
		{C9446F80-183C-4FB4-92EE-3D0C524CBA05}.Debug|Any CPU.ActiveCfg = Debug|Any CPU
		{C9446F80-183C-4FB4-92EE-3D0C524CBA05}.Debug|Any CPU.Build.0 = Debug|Any CPU
		{C9446F80-183C-4FB4-92EE-3D0C524CBA05}.Release|Any CPU.ActiveCfg = Release|Any CPU
		{C9446F80-183C-4FB4-92EE-3D0C524CBA05}.Release|Any CPU.Build.0 = Release|Any CPU
		{BE0521CC-FC86-4B13-B648-222127E689F9}.Debug|Any CPU.ActiveCfg = Debug|Any CPU
		{BE0521CC-FC86-4B13-B648-222127E689F9}.Debug|Any CPU.Build.0 = Debug|Any CPU
		{BE0521CC-FC86-4B13-B648-222127E689F9}.Release|Any CPU.ActiveCfg = Release|Any CPU
		{BE0521CC-FC86-4B13-B648-222127E689F9}.Release|Any CPU.Build.0 = Release|Any CPU
		{72A8129B-FAE4-4FF1-915C-7337C5BABDB6}.Debug|Any CPU.ActiveCfg = Debug|Any CPU
		{72A8129B-FAE4-4FF1-915C-7337C5BABDB6}.Debug|Any CPU.Build.0 = Debug|Any CPU
		{72A8129B-FAE4-4FF1-915C-7337C5BABDB6}.Release|Any CPU.ActiveCfg = Release|Any CPU
		{72A8129B-FAE4-4FF1-915C-7337C5BABDB6}.Release|Any CPU.Build.0 = Release|Any CPU
	EndGlobalSection
	GlobalSection(SolutionProperties) = preSolution
		HideSolutionNode = FALSE
	EndGlobalSection
	GlobalSection(ExtensibilityGlobals) = postSolution
		SolutionGuid = {F2E9A94B-2E92-4F18-9586-BABCD1C60DC1}
	EndGlobalSection
EndGlobal
