
Microsoft Visual Studio Solution File, Format Version 12.00
# Visual Studio Version 17
VisualStudioVersion = 17.9.34723.18
MinimumVisualStudioVersion = 10.0.40219.1
Project("{9A19103F-16F7-4668-BE54-9A1E7A4F7556}") = "CompanyEmployees", "CompanyEmployees\CompanyEmployees.csproj", "{32A3806B-7FBB-4E5C-9435-E0CC501A7BBD}"
EndProject
Project("{9A19103F-16F7-4668-BE54-9A1E7A4F7556}") = "LoggerService", "..\LoggerService\LoggerService.csproj", "{B18B3985-6083-4395-B861-136FEB7F7517}"
EndProject
Project("{9A19103F-16F7-4668-BE54-9A1E7A4F7556}") = "Repository", "..\Repository\Repository\Repository.csproj", "{163F85A2-B765-4207-85E1-693F83234410}"
EndProject
Project("{9A19103F-16F7-4668-BE54-9A1E7A4F7556}") = "Service", "..\Service\Service\Service.csproj", "{B7E498C0-5627-4A1C-90A3-48A7DA9990B0}"
EndProject
Project("{9A19103F-16F7-4668-BE54-9A1E7A4F7556}") = "CompanyEmployees.Presentation", "..\CompanyEmployees.Presentation\CompanyEmployees.Presentation\CompanyEmployees.Presentation.csproj", "{4826D02A-9F1F-4BE3-8E24-F4F6A0A9A791}"
EndProject
Project("{9A19103F-16F7-4668-BE54-9A1E7A4F7556}") = "Service.Contracts", "..\Service.Contracts\Service.Contracts\Service.Contracts.csproj", "{A4DB51D8-0DD1-4E7B-B9A9-D31816A90443}"
EndProject
Project("{9A19103F-16F7-4668-BE54-9A1E7A4F7556}") = "Contracts", "..\Contracts\Contracts.csproj", "{6D218B11-B283-47AB-B5F5-2B481CDC284D}"
EndProject
Project("{9A19103F-16F7-4668-BE54-9A1E7A4F7556}") = "Entities", "..\Entities\Entities\Entities.csproj", "{876B6DC8-FBDE-43A4-87BF-B1A41DB4C692}"
EndProject
Project("{2150E333-8FDC-42A3-9474-1A3956D46DE8}") = "Solution Items", "Solution Items", "{F1E45A4D-E0DF-4E1B-BBFD-8EA04227AE01}"
	ProjectSection(SolutionItems) = preProject
		.editorconfig = .editorconfig
	EndProjectSection
EndProject
Global
	GlobalSection(SolutionConfigurationPlatforms) = preSolution
		Debug|Any CPU = Debug|Any CPU
		Release|Any CPU = Release|Any CPU
	EndGlobalSection
	GlobalSection(ProjectConfigurationPlatforms) = postSolution
		{32A3806B-7FBB-4E5C-9435-E0CC501A7BBD}.Debug|Any CPU.ActiveCfg = Debug|Any CPU
		{32A3806B-7FBB-4E5C-9435-E0CC501A7BBD}.Debug|Any CPU.Build.0 = Debug|Any CPU
		{32A3806B-7FBB-4E5C-9435-E0CC501A7BBD}.Release|Any CPU.ActiveCfg = Release|Any CPU
		{32A3806B-7FBB-4E5C-9435-E0CC501A7BBD}.Release|Any CPU.Build.0 = Release|Any CPU
		{B18B3985-6083-4395-B861-136FEB7F7517}.Debug|Any CPU.ActiveCfg = Debug|Any CPU
		{B18B3985-6083-4395-B861-136FEB7F7517}.Debug|Any CPU.Build.0 = Debug|Any CPU
		{B18B3985-6083-4395-B861-136FEB7F7517}.Release|Any CPU.ActiveCfg = Release|Any CPU
		{B18B3985-6083-4395-B861-136FEB7F7517}.Release|Any CPU.Build.0 = Release|Any CPU
		{163F85A2-B765-4207-85E1-693F83234410}.Debug|Any CPU.ActiveCfg = Debug|Any CPU
		{163F85A2-B765-4207-85E1-693F83234410}.Debug|Any CPU.Build.0 = Debug|Any CPU
		{163F85A2-B765-4207-85E1-693F83234410}.Release|Any CPU.ActiveCfg = Release|Any CPU
		{163F85A2-B765-4207-85E1-693F83234410}.Release|Any CPU.Build.0 = Release|Any CPU
		{B7E498C0-5627-4A1C-90A3-48A7DA9990B0}.Debug|Any CPU.ActiveCfg = Debug|Any CPU
		{B7E498C0-5627-4A1C-90A3-48A7DA9990B0}.Debug|Any CPU.Build.0 = Debug|Any CPU
		{B7E498C0-5627-4A1C-90A3-48A7DA9990B0}.Release|Any CPU.ActiveCfg = Release|Any CPU
		{B7E498C0-5627-4A1C-90A3-48A7DA9990B0}.Release|Any CPU.Build.0 = Release|Any CPU
		{4826D02A-9F1F-4BE3-8E24-F4F6A0A9A791}.Debug|Any CPU.ActiveCfg = Debug|Any CPU
		{4826D02A-9F1F-4BE3-8E24-F4F6A0A9A791}.Debug|Any CPU.Build.0 = Debug|Any CPU
		{4826D02A-9F1F-4BE3-8E24-F4F6A0A9A791}.Release|Any CPU.ActiveCfg = Release|Any CPU
		{4826D02A-9F1F-4BE3-8E24-F4F6A0A9A791}.Release|Any CPU.Build.0 = Release|Any CPU
		{A4DB51D8-0DD1-4E7B-B9A9-D31816A90443}.Debug|Any CPU.ActiveCfg = Debug|Any CPU
		{A4DB51D8-0DD1-4E7B-B9A9-D31816A90443}.Debug|Any CPU.Build.0 = Debug|Any CPU
		{A4DB51D8-0DD1-4E7B-B9A9-D31816A90443}.Release|Any CPU.ActiveCfg = Release|Any CPU
		{A4DB51D8-0DD1-4E7B-B9A9-D31816A90443}.Release|Any CPU.Build.0 = Release|Any CPU
		{6D218B11-B283-47AB-B5F5-2B481CDC284D}.Debug|Any CPU.ActiveCfg = Debug|Any CPU
		{6D218B11-B283-47AB-B5F5-2B481CDC284D}.Debug|Any CPU.Build.0 = Debug|Any CPU
		{6D218B11-B283-47AB-B5F5-2B481CDC284D}.Release|Any CPU.ActiveCfg = Release|Any CPU
		{6D218B11-B283-47AB-B5F5-2B481CDC284D}.Release|Any CPU.Build.0 = Release|Any CPU
		{876B6DC8-FBDE-43A4-87BF-B1A41DB4C692}.Debug|Any CPU.ActiveCfg = Debug|Any CPU
		{876B6DC8-FBDE-43A4-87BF-B1A41DB4C692}.Debug|Any CPU.Build.0 = Debug|Any CPU
		{876B6DC8-FBDE-43A4-87BF-B1A41DB4C692}.Release|Any CPU.ActiveCfg = Release|Any CPU
		{876B6DC8-FBDE-43A4-87BF-B1A41DB4C692}.Release|Any CPU.Build.0 = Release|Any CPU
	EndGlobalSection
	GlobalSection(SolutionProperties) = preSolution
		HideSolutionNode = FALSE
	EndGlobalSection
	GlobalSection(ExtensibilityGlobals) = postSolution
		SolutionGuid = {7B8C20A3-2DA1-45F9-99E5-25F671133749}
	EndGlobalSection
EndGlobal
