
Microsoft Visual Studio Solution File, Format Version 12.00
# Visual Studio Version 17
VisualStudioVersion = 17.9.34723.18
MinimumVisualStudioVersion = 10.0.40219.1
Project("{9A19103F-16F7-4668-BE54-9A1E7A4F7556}") = "Repository", "Repository\Repository.csproj", "{97C0964C-BAFE-4562-A376-20161D075FDD}"
EndProject
Project("{9A19103F-16F7-4668-BE54-9A1E7A4F7556}") = "Entities", "..\Entities\Entities\Entities.csproj", "{2FB93AA0-0E0C-4AA6-A6C6-D218D2E88469}"
EndProject
Project("{9A19103F-16F7-4668-BE54-9A1E7A4F7556}") = "Contracts", "..\Contracts\Contracts.csproj", "{029FD864-21E2-48D8-A065-DBBFE4203408}"
EndProject
Global
	GlobalSection(SolutionConfigurationPlatforms) = preSolution
		Debug|Any CPU = Debug|Any CPU
		Release|Any CPU = Release|Any CPU
	EndGlobalSection
	GlobalSection(ProjectConfigurationPlatforms) = postSolution
		{97C0964C-BAFE-4562-A376-20161D075FDD}.Debug|Any CPU.ActiveCfg = Debug|Any CPU
		{97C0964C-BAFE-4562-A376-20161D075FDD}.Debug|Any CPU.Build.0 = Debug|Any CPU
		{97C0964C-BAFE-4562-A376-20161D075FDD}.Release|Any CPU.ActiveCfg = Release|Any CPU
		{97C0964C-BAFE-4562-A376-20161D075FDD}.Release|Any CPU.Build.0 = Release|Any CPU
		{2FB93AA0-0E0C-4AA6-A6C6-D218D2E88469}.Debug|Any CPU.ActiveCfg = Debug|Any CPU
		{2FB93AA0-0E0C-4AA6-A6C6-D218D2E88469}.Debug|Any CPU.Build.0 = Debug|Any CPU
		{2FB93AA0-0E0C-4AA6-A6C6-D218D2E88469}.Release|Any CPU.ActiveCfg = Release|Any CPU
		{2FB93AA0-0E0C-4AA6-A6C6-D218D2E88469}.Release|Any CPU.Build.0 = Release|Any CPU
		{029FD864-21E2-48D8-A065-DBBFE4203408}.Debug|Any CPU.ActiveCfg = Debug|Any CPU
		{029FD864-21E2-48D8-A065-DBBFE4203408}.Debug|Any CPU.Build.0 = Debug|Any CPU
		{029FD864-21E2-48D8-A065-DBBFE4203408}.Release|Any CPU.ActiveCfg = Release|Any CPU
		{029FD864-21E2-48D8-A065-DBBFE4203408}.Release|Any CPU.Build.0 = Release|Any CPU
	EndGlobalSection
	GlobalSection(SolutionProperties) = preSolution
		HideSolutionNode = FALSE
	EndGlobalSection
	GlobalSection(ExtensibilityGlobals) = postSolution
		SolutionGuid = {D6A8DB8A-AAE9-4846-8E65-ACF29421A152}
	EndGlobalSection
EndGlobal
