
Microsoft Visual Studio Solution File, Format Version 12.00
# Visual Studio Version 17
VisualStudioVersion = 17.9.34723.18
MinimumVisualStudioVersion = 10.0.40219.1
Project("{9A19103F-16F7-4668-BE54-9A1E7A4F7556}") = "LoggerService", "LoggerService.csproj", "{C325AFCB-39E1-4745-90EB-A0D80E67E577}"
EndProject
Project("{9A19103F-16F7-4668-BE54-9A1E7A4F7556}") = "Contracts", "..\Contracts\Contracts.csproj", "{048DB013-FDB7-4AD7-BA2B-FC8FE2329C65}"
EndProject
Global
	GlobalSection(SolutionConfigurationPlatforms) = preSolution
		Debug|Any CPU = Debug|Any CPU
		Release|Any CPU = Release|Any CPU
	EndGlobalSection
	GlobalSection(ProjectConfigurationPlatforms) = postSolution
		{C325AFCB-39E1-4745-90EB-A0D80E67E577}.Debug|Any CPU.ActiveCfg = Debug|Any CPU
		{C325AFCB-39E1-4745-90EB-A0D80E67E577}.Debug|Any CPU.Build.0 = Debug|Any CPU
		{C325AFCB-39E1-4745-90EB-A0D80E67E577}.Release|Any CPU.ActiveCfg = Release|Any CPU
		{C325AFCB-39E1-4745-90EB-A0D80E67E577}.Release|Any CPU.Build.0 = Release|Any CPU
		{048DB013-FDB7-4AD7-BA2B-FC8FE2329C65}.Debug|Any CPU.ActiveCfg = Debug|Any CPU
		{048DB013-FDB7-4AD7-BA2B-FC8FE2329C65}.Debug|Any CPU.Build.0 = Debug|Any CPU
		{048DB013-FDB7-4AD7-BA2B-FC8FE2329C65}.Release|Any CPU.ActiveCfg = Release|Any CPU
		{048DB013-FDB7-4AD7-BA2B-FC8FE2329C65}.Release|Any CPU.Build.0 = Release|Any CPU
	EndGlobalSection
	GlobalSection(SolutionProperties) = preSolution
		HideSolutionNode = FALSE
	EndGlobalSection
	GlobalSection(ExtensibilityGlobals) = postSolution
		SolutionGuid = {758490D7-4DC5-45E9-8B4E-C39F36A7321F}
	EndGlobalSection
EndGlobal
