
Microsoft Visual Studio Solution File, Format Version 12.00
# Visual Studio Version 17
VisualStudioVersion = 17.9.34723.18
MinimumVisualStudioVersion = 10.0.40219.1
Project("{9A19103F-16F7-4668-BE54-9A1E7A4F7556}") = "Contracts", "Contracts.csproj", "{2858F3E9-D442-40F1-B1FC-C2066935B27A}"
EndProject
Project("{9A19103F-16F7-4668-BE54-9A1E7A4F7556}") = "Entities", "..\Entities\Entities\Entities.csproj", "{61B4567E-8366-46E2-9B88-05AC0E45A10C}"
EndProject
Global
	GlobalSection(SolutionConfigurationPlatforms) = preSolution
		Debug|Any CPU = Debug|Any CPU
		Release|Any CPU = Release|Any CPU
	EndGlobalSection
	GlobalSection(ProjectConfigurationPlatforms) = postSolution
		{2858F3E9-D442-40F1-B1FC-C2066935B27A}.Debug|Any CPU.ActiveCfg = Debug|Any CPU
		{2858F3E9-D442-40F1-B1FC-C2066935B27A}.Debug|Any CPU.Build.0 = Debug|Any CPU
		{2858F3E9-D442-40F1-B1FC-C2066935B27A}.Release|Any CPU.ActiveCfg = Release|Any CPU
		{2858F3E9-D442-40F1-B1FC-C2066935B27A}.Release|Any CPU.Build.0 = Release|Any CPU
		{61B4567E-8366-46E2-9B88-05AC0E45A10C}.Debug|Any CPU.ActiveCfg = Debug|Any CPU
		{61B4567E-8366-46E2-9B88-05AC0E45A10C}.Debug|Any CPU.Build.0 = Debug|Any CPU
		{61B4567E-8366-46E2-9B88-05AC0E45A10C}.Release|Any CPU.ActiveCfg = Release|Any CPU
		{61B4567E-8366-46E2-9B88-05AC0E45A10C}.Release|Any CPU.Build.0 = Release|Any CPU
	EndGlobalSection
	GlobalSection(SolutionProperties) = preSolution
		HideSolutionNode = FALSE
	EndGlobalSection
	GlobalSection(ExtensibilityGlobals) = postSolution
		SolutionGuid = {B79F9CE9-7389-43D8-BDD5-423FC3B10981}
	EndGlobalSection
EndGlobal
